
Microsoft Visual Studio Solution File, Format Version 12.00
# Visual Studio Version 16
VisualStudioVersion = 16.0.29613.14
MinimumVisualStudioVersion = 10.0.40219.1
Project("{8BC9CEB8-8B4A-11D0-8D11-00A0C91BC942}") = "8数码", "8数码.vcxproj", "{30163CD4-BB8A-4061-8B40-B285E8980A31}"
EndProject
Global
	GlobalSection(SolutionConfigurationPlatforms) = preSolution
		Debug|x64 = Debug|x64
		Debug|x86 = Debug|x86
		Release|x64 = Release|x64
		Release|x86 = Release|x86
	EndGlobalSection
	GlobalSection(ProjectConfigurationPlatforms) = postSolution
		{30163CD4-BB8A-4061-8B40-B285E8980A31}.Debug|x64.ActiveCfg = Debug|x64
		{30163CD4-BB8A-4061-8B40-B285E8980A31}.Debug|x64.Build.0 = Debug|x64
		{30163CD4-BB8A-4061-8B40-B285E8980A31}.Debug|x86.ActiveCfg = Debug|Win32
		{30163CD4-BB8A-4061-8B40-B285E8980A31}.Debug|x86.Build.0 = Debug|Win32
		{30163CD4-BB8A-4061-8B40-B285E8980A31}.Release|x64.ActiveCfg = Release|x64
		{30163CD4-BB8A-4061-8B40-B285E8980A31}.Release|x64.Build.0 = Release|x64
		{30163CD4-BB8A-4061-8B40-B285E8980A31}.Release|x86.ActiveCfg = Release|Win32
		{30163CD4-BB8A-4061-8B40-B285E8980A31}.Release|x86.Build.0 = Release|Win32
	EndGlobalSection
	GlobalSection(SolutionProperties) = preSolution
		HideSolutionNode = FALSE
	EndGlobalSection
	GlobalSection(ExtensibilityGlobals) = postSolution
		SolutionGuid = {65187AFC-D10A-4E70-BBA7-C6072A5A78FE}
	EndGlobalSection
EndGlobal
